// !$*UTF8*$!
{
	archiveVersion = 1;
	classes = {
	};
	objectVersion = 46;
	objects = {

/* Begin PBXBuildFile section */
		0C779EBBB0780FE8BF137970 /* libPods-qtum wallet.a in Frameworks */ = {isa = PBXBuildFile; fileRef = 0903654DC429CD9C31C04908 /* libPods-qtum wallet.a */; };
		1101CF3B1E008C9E0000E862 /* ContentController.m in Sources */ = {isa = PBXBuildFile; fileRef = 1101CF3A1E008C9E0000E862 /* ContentController.m */; };
		1101CF3E1E008DA20000E862 /* MenuViewController.m in Sources */ = {isa = PBXBuildFile; fileRef = 1101CF3D1E008DA20000E862 /* MenuViewController.m */; };
		1101CF411E008DB40000E862 /* RootViewController.m in Sources */ = {isa = PBXBuildFile; fileRef = 1101CF401E008DB40000E862 /* RootViewController.m */; };
		B3210D141E00052900365FB6 /* GradientLayer.m in Sources */ = {isa = PBXBuildFile; fileRef = B3210D131E00052900365FB6 /* GradientLayer.m */; };
		B3210D1C1E00172200365FB6 /* ViewWithGradientPoints.m in Sources */ = {isa = PBXBuildFile; fileRef = B3210D191E00142100365FB6 /* ViewWithGradientPoints.m */; };
		B3210D201E001EC200365FB6 /* PinViewController.m in Sources */ = {isa = PBXBuildFile; fileRef = B3210D1F1E001EC200365FB6 /* PinViewController.m */; };
		B3210D231E002E2900365FB6 /* ApplicationCoordinator.m in Sources */ = {isa = PBXBuildFile; fileRef = B3210D221E002E2900365FB6 /* ApplicationCoordinator.m */; };
		B3210D261E0030DB00365FB6 /* Appearance.m in Sources */ = {isa = PBXBuildFile; fileRef = B3210D251E0030DB00365FB6 /* Appearance.m */; };
		B3210D291E00328A00365FB6 /* SFUIDisplay-Regular.otf in Resources */ = {isa = PBXBuildFile; fileRef = B3210D281E00327600365FB6 /* SFUIDisplay-Regular.otf */; };
		B3210D311E00409600365FB6 /* LGSideMenuController.m in Sources */ = {isa = PBXBuildFile; fileRef = B3210D2E1E00409600365FB6 /* LGSideMenuController.m */; };
		B3210D321E00409600365FB6 /* UIViewController+LGSideMenuController.m in Sources */ = {isa = PBXBuildFile; fileRef = B3210D301E00409600365FB6 /* UIViewController+LGSideMenuController.m */; };
		B32142871E012A5800489BB1 /* CreatePinRootController.m in Sources */ = {isa = PBXBuildFile; fileRef = B32142861E012A5800489BB1 /* CreatePinRootController.m */; };
		B321428A1E01477A00489BB1 /* AskPinController.m in Sources */ = {isa = PBXBuildFile; fileRef = B32142891E01477A00489BB1 /* AskPinController.m */; };
		B321428D1E0153F000489BB1 /* CustomTextField.m in Sources */ = {isa = PBXBuildFile; fileRef = B321428C1E0153F000489BB1 /* CustomTextField.m */; };
		B321E87A1E0BC8D200DC7DE5 /* ImportKeyCoordinator.m in Sources */ = {isa = PBXBuildFile; fileRef = B321E8791E0BC8D200DC7DE5 /* ImportKeyCoordinator.m */; };
		B321E87E1E0BE39B00DC7DE5 /* ExportBrainKeyViewController.m in Sources */ = {isa = PBXBuildFile; fileRef = B321E87D1E0BE39B00DC7DE5 /* ExportBrainKeyViewController.m */; };
		B36624BE1E03C58100CBC5B5 /* SettingsViewController.m in Sources */ = {isa = PBXBuildFile; fileRef = B36624BD1E03C58100CBC5B5 /* SettingsViewController.m */; };
		B36624C11E03E35D00CBC5B5 /* ChangePinController.m in Sources */ = {isa = PBXBuildFile; fileRef = B36624C01E03E35D00CBC5B5 /* ChangePinController.m */; };
		B3846DD61DFEFA6500D6872C /* UIAlertController+Extensions.m in Sources */ = {isa = PBXBuildFile; fileRef = B3846DD51DFEFA6500D6872C /* UIAlertController+Extensions.m */; };
		E70550CD1DF96E4100B48DC1 /* RecieveViewController.m in Sources */ = {isa = PBXBuildFile; fileRef = E70550CC1DF96E4100B48DC1 /* RecieveViewController.m */; };
		E71AF2451E0177910068595B /* qtum_walletTests.m in Sources */ = {isa = PBXBuildFile; fileRef = E71AF2441E0177910068595B /* qtum_walletTests.m */; };
		E71AF24D1E0178C50068595B /* libCoreBitcoin.a in Frameworks */ = {isa = PBXBuildFile; fileRef = E71AF24C1E0178C50068595B /* libCoreBitcoin.a */; };
		E71AF24E1E0178EB0068595B /* Security.framework in Frameworks */ = {isa = PBXBuildFile; fileRef = E7FD365B1DC7360400748177 /* Security.framework */; };
		E71AF2511E017D250068595B /* WordsArray.m in Sources */ = {isa = PBXBuildFile; fileRef = E71AF2501E017D250068595B /* WordsArray.m */; };
		E71AF2551E018F6A0068595B /* WalletManager.m in Sources */ = {isa = PBXBuildFile; fileRef = E71AF2541E018F6A0068595B /* WalletManager.m */; };
		E727F1781E02749D0080E79D /* Wallet.m in Sources */ = {isa = PBXBuildFile; fileRef = E727F1771E02749D0080E79D /* Wallet.m */; };
		E739104F1DE2E165008145A8 /* HistoryElement.m in Sources */ = {isa = PBXBuildFile; fileRef = E739104E1DE2E165008145A8 /* HistoryElement.m */; };
		E73910531DE30BA8008145A8 /* QRCodeViewController.m in Sources */ = {isa = PBXBuildFile; fileRef = E73910521DE30BA8008145A8 /* QRCodeViewController.m */; };
		E73910571DE424DD008145A8 /* BTCTransaction+Extensions.m in Sources */ = {isa = PBXBuildFile; fileRef = E73910561DE424DD008145A8 /* BTCTransaction+Extensions.m */; };
		E739105B1DE45398008145A8 /* BaseViewController.m in Sources */ = {isa = PBXBuildFile; fileRef = E739105A1DE45398008145A8 /* BaseViewController.m */; };
		E739105F1DE5E131008145A8 /* KeyViewController.m in Sources */ = {isa = PBXBuildFile; fileRef = E739105E1DE5E131008145A8 /* KeyViewController.m */; };
		E7396ADC1DDCBFCE0002CD47 /* BlockchainInfoManager.m in Sources */ = {isa = PBXBuildFile; fileRef = E7396ADB1DDCBFCE0002CD47 /* BlockchainInfoManager.m */; };
		E7396AE11DDDEA2E0002CD47 /* GradientView.m in Sources */ = {isa = PBXBuildFile; fileRef = E7396AE01DDDEA2E0002CD47 /* GradientView.m */; };
		E7396AE51DDDF5F20002CD47 /* StartViewController.m in Sources */ = {isa = PBXBuildFile; fileRef = E7396AE41DDDF5F20002CD47 /* StartViewController.m */; };
		E7396AE81DDEDEEC0002CD47 /* CircleGradientView.m in Sources */ = {isa = PBXBuildFile; fileRef = E7396AE71DDEDEEC0002CD47 /* CircleGradientView.m */; };
		E7396AEC1DDEF7E30002CD47 /* MainViewController.m in Sources */ = {isa = PBXBuildFile; fileRef = E7396AEB1DDEF7E30002CD47 /* MainViewController.m */; };
		E7396AF01DDEF8030002CD47 /* AddressListViewController.m in Sources */ = {isa = PBXBuildFile; fileRef = E7396AEF1DDEF8030002CD47 /* AddressListViewController.m */; };
		E7396AF41DDEF8260002CD47 /* NewPaymentViewController.m in Sources */ = {isa = PBXBuildFile; fileRef = E7396AF31DDEF8260002CD47 /* NewPaymentViewController.m */; };
		E7396AF81DDF0C970002CD47 /* HistoryTableViewCell.m in Sources */ = {isa = PBXBuildFile; fileRef = E7396AF71DDF0C970002CD47 /* HistoryTableViewCell.m */; };
		E7396AFC1DDF19C90002CD47 /* AddressTableViewCell.m in Sources */ = {isa = PBXBuildFile; fileRef = E7396AFB1DDF19C90002CD47 /* AddressTableViewCell.m */; };
		E7396AFF1DDF394C0002CD47 /* TextFieldWithLine.m in Sources */ = {isa = PBXBuildFile; fileRef = E7396AFE1DDF394C0002CD47 /* TextFieldWithLine.m */; };
		E74636861DCB300800A13318 /* Utils.m in Sources */ = {isa = PBXBuildFile; fileRef = E74636851DCB300800A13318 /* Utils.m */; };
		E7D241D91DE6D6B1003E507B /* QRCodeManager.m in Sources */ = {isa = PBXBuildFile; fileRef = E7D241D81DE6D6B1003E507B /* QRCodeManager.m */; };
		E7D241DD1DE709D6003E507B /* ImportKeyViewController.m in Sources */ = {isa = PBXBuildFile; fileRef = E7D241DC1DE709D6003E507B /* ImportKeyViewController.m */; };
		E7DD00EA1DC9BF9D00FD5335 /* TransactionManager.m in Sources */ = {isa = PBXBuildFile; fileRef = E7DD00E91DC9BF9D00FD5335 /* TransactionManager.m */; };
		E7DD00F21DC9E64300FD5335 /* BTCBlockchainInfo+QtumExplorer.m in Sources */ = {isa = PBXBuildFile; fileRef = E7DD00F11DC9E64300FD5335 /* BTCBlockchainInfo+QtumExplorer.m */; };
		E7E3C5311DDC8AD400C30AA9 /* RPCRequestManager.m in Sources */ = {isa = PBXBuildFile; fileRef = E7E3C5301DDC8AD400C30AA9 /* RPCRequestManager.m */; };
		E7FD363D1DC4D07E00748177 /* main.m in Sources */ = {isa = PBXBuildFile; fileRef = E7FD363C1DC4D07E00748177 /* main.m */; };
		E7FD36401DC4D07E00748177 /* AppDelegate.m in Sources */ = {isa = PBXBuildFile; fileRef = E7FD363F1DC4D07E00748177 /* AppDelegate.m */; };
		E7FD36461DC4D07E00748177 /* Main.storyboard in Resources */ = {isa = PBXBuildFile; fileRef = E7FD36441DC4D07E00748177 /* Main.storyboard */; };
		E7FD36481DC4D07E00748177 /* Assets.xcassets in Resources */ = {isa = PBXBuildFile; fileRef = E7FD36471DC4D07E00748177 /* Assets.xcassets */; };
		E7FD364B1DC4D07E00748177 /* LaunchScreen.storyboard in Resources */ = {isa = PBXBuildFile; fileRef = E7FD36491DC4D07E00748177 /* LaunchScreen.storyboard */; };
		E7FD365A1DC7308A00748177 /* FXKeychain.m in Sources */ = {isa = PBXBuildFile; fileRef = E7FD36591DC7308A00748177 /* FXKeychain.m */; };
		E7FD365C1DC7360400748177 /* Security.framework in Frameworks */ = {isa = PBXBuildFile; fileRef = E7FD365B1DC7360400748177 /* Security.framework */; };
		E7FD36661DC76EBC00748177 /* RequestManager.m in Sources */ = {isa = PBXBuildFile; fileRef = E7FD36651DC76EBC00748177 /* RequestManager.m */; };
/* End PBXBuildFile section */

/* Begin PBXContainerItemProxy section */
		E71AF2471E0177910068595B /* PBXContainerItemProxy */ = {
			isa = PBXContainerItemProxy;
			containerPortal = E7FD36301DC4D07E00748177 /* Project object */;
			proxyType = 1;
			remoteGlobalIDString = E7FD36371DC4D07E00748177;
			remoteInfo = "qtum wallet";
		};
/* End PBXContainerItemProxy section */

/* Begin PBXFileReference section */
		0903654DC429CD9C31C04908 /* libPods-qtum wallet.a */ = {isa = PBXFileReference; explicitFileType = archive.ar; includeInIndex = 0; path = "libPods-qtum wallet.a"; sourceTree = BUILT_PRODUCTS_DIR; };
		1101CF391E008C9E0000E862 /* ContentController.h */ = {isa = PBXFileReference; fileEncoding = 4; lastKnownFileType = sourcecode.c.h; path = ContentController.h; sourceTree = "<group>"; };
		1101CF3A1E008C9E0000E862 /* ContentController.m */ = {isa = PBXFileReference; fileEncoding = 4; lastKnownFileType = sourcecode.c.objc; path = ContentController.m; sourceTree = "<group>"; };
		1101CF3C1E008DA20000E862 /* MenuViewController.h */ = {isa = PBXFileReference; fileEncoding = 4; lastKnownFileType = sourcecode.c.h; path = MenuViewController.h; sourceTree = "<group>"; };
		1101CF3D1E008DA20000E862 /* MenuViewController.m */ = {isa = PBXFileReference; fileEncoding = 4; lastKnownFileType = sourcecode.c.objc; path = MenuViewController.m; sourceTree = "<group>"; };
		1101CF3F1E008DB40000E862 /* RootViewController.h */ = {isa = PBXFileReference; fileEncoding = 4; lastKnownFileType = sourcecode.c.h; path = RootViewController.h; sourceTree = "<group>"; };
		1101CF401E008DB40000E862 /* RootViewController.m */ = {isa = PBXFileReference; fileEncoding = 4; lastKnownFileType = sourcecode.c.objc; path = RootViewController.m; sourceTree = "<group>"; };
		413D88732039B4AB52E1927C /* Pods-qtum wallet.debug.xcconfig */ = {isa = PBXFileReference; includeInIndex = 1; lastKnownFileType = text.xcconfig; name = "Pods-qtum wallet.debug.xcconfig"; path = "Pods/Target Support Files/Pods-qtum wallet/Pods-qtum wallet.debug.xcconfig"; sourceTree = "<group>"; };
		B3210D121E00052900365FB6 /* GradientLayer.h */ = {isa = PBXFileReference; fileEncoding = 4; lastKnownFileType = sourcecode.c.h; path = GradientLayer.h; sourceTree = "<group>"; };
		B3210D131E00052900365FB6 /* GradientLayer.m */ = {isa = PBXFileReference; fileEncoding = 4; lastKnownFileType = sourcecode.c.objc; path = GradientLayer.m; sourceTree = "<group>"; };
		B3210D181E00142100365FB6 /* ViewWithGradientPoints.h */ = {isa = PBXFileReference; fileEncoding = 4; lastKnownFileType = sourcecode.c.h; path = ViewWithGradientPoints.h; sourceTree = "<group>"; };
		B3210D191E00142100365FB6 /* ViewWithGradientPoints.m */ = {isa = PBXFileReference; fileEncoding = 4; lastKnownFileType = sourcecode.c.objc; path = ViewWithGradientPoints.m; sourceTree = "<group>"; };
		B3210D1E1E001EC200365FB6 /* PinViewController.h */ = {isa = PBXFileReference; fileEncoding = 4; lastKnownFileType = sourcecode.c.h; path = PinViewController.h; sourceTree = "<group>"; };
		B3210D1F1E001EC200365FB6 /* PinViewController.m */ = {isa = PBXFileReference; fileEncoding = 4; lastKnownFileType = sourcecode.c.objc; path = PinViewController.m; sourceTree = "<group>"; };
		B3210D211E002E2900365FB6 /* ApplicationCoordinator.h */ = {isa = PBXFileReference; fileEncoding = 4; lastKnownFileType = sourcecode.c.h; name = ApplicationCoordinator.h; path = "qtum wallet/ApplicationCoordinator.h"; sourceTree = SOURCE_ROOT; };
		B3210D221E002E2900365FB6 /* ApplicationCoordinator.m */ = {isa = PBXFileReference; fileEncoding = 4; lastKnownFileType = sourcecode.c.objc; name = ApplicationCoordinator.m; path = "qtum wallet/ApplicationCoordinator.m"; sourceTree = SOURCE_ROOT; };
		B3210D241E0030DB00365FB6 /* Appearance.h */ = {isa = PBXFileReference; fileEncoding = 4; lastKnownFileType = sourcecode.c.h; path = Appearance.h; sourceTree = "<group>"; };
		B3210D251E0030DB00365FB6 /* Appearance.m */ = {isa = PBXFileReference; fileEncoding = 4; lastKnownFileType = sourcecode.c.objc; path = Appearance.m; sourceTree = "<group>"; };
		B3210D281E00327600365FB6 /* SFUIDisplay-Regular.otf */ = {isa = PBXFileReference; lastKnownFileType = file; path = "SFUIDisplay-Regular.otf"; sourceTree = SOURCE_ROOT; };
		B3210D2D1E00409600365FB6 /* LGSideMenuController.h */ = {isa = PBXFileReference; fileEncoding = 4; lastKnownFileType = sourcecode.c.h; path = LGSideMenuController.h; sourceTree = "<group>"; };
		B3210D2E1E00409600365FB6 /* LGSideMenuController.m */ = {isa = PBXFileReference; fileEncoding = 4; lastKnownFileType = sourcecode.c.objc; path = LGSideMenuController.m; sourceTree = "<group>"; };
		B3210D2F1E00409600365FB6 /* UIViewController+LGSideMenuController.h */ = {isa = PBXFileReference; fileEncoding = 4; lastKnownFileType = sourcecode.c.h; path = "UIViewController+LGSideMenuController.h"; sourceTree = "<group>"; };
		B3210D301E00409600365FB6 /* UIViewController+LGSideMenuController.m */ = {isa = PBXFileReference; fileEncoding = 4; lastKnownFileType = sourcecode.c.objc; path = "UIViewController+LGSideMenuController.m"; sourceTree = "<group>"; };
		B32142851E012A5800489BB1 /* CreatePinRootController.h */ = {isa = PBXFileReference; fileEncoding = 4; lastKnownFileType = sourcecode.c.h; path = CreatePinRootController.h; sourceTree = "<group>"; };
		B32142861E012A5800489BB1 /* CreatePinRootController.m */ = {isa = PBXFileReference; fileEncoding = 4; lastKnownFileType = sourcecode.c.objc; path = CreatePinRootController.m; sourceTree = "<group>"; };
		B32142881E01477A00489BB1 /* AskPinController.h */ = {isa = PBXFileReference; fileEncoding = 4; lastKnownFileType = sourcecode.c.h; path = AskPinController.h; sourceTree = "<group>"; };
		B32142891E01477A00489BB1 /* AskPinController.m */ = {isa = PBXFileReference; fileEncoding = 4; lastKnownFileType = sourcecode.c.objc; path = AskPinController.m; sourceTree = "<group>"; };
		B321428B1E0153F000489BB1 /* CustomTextField.h */ = {isa = PBXFileReference; fileEncoding = 4; lastKnownFileType = sourcecode.c.h; path = CustomTextField.h; sourceTree = "<group>"; };
		B321428C1E0153F000489BB1 /* CustomTextField.m */ = {isa = PBXFileReference; fileEncoding = 4; lastKnownFileType = sourcecode.c.objc; path = CustomTextField.m; sourceTree = "<group>"; };
		B321E8781E0BC8D200DC7DE5 /* ImportKeyCoordinator.h */ = {isa = PBXFileReference; fileEncoding = 4; lastKnownFileType = sourcecode.c.h; path = ImportKeyCoordinator.h; sourceTree = "<group>"; };
		B321E8791E0BC8D200DC7DE5 /* ImportKeyCoordinator.m */ = {isa = PBXFileReference; fileEncoding = 4; lastKnownFileType = sourcecode.c.objc; path = ImportKeyCoordinator.m; sourceTree = "<group>"; };
		B321E87C1E0BE39B00DC7DE5 /* ExportBrainKeyViewController.h */ = {isa = PBXFileReference; fileEncoding = 4; lastKnownFileType = sourcecode.c.h; path = ExportBrainKeyViewController.h; sourceTree = "<group>"; };
		B321E87D1E0BE39B00DC7DE5 /* ExportBrainKeyViewController.m */ = {isa = PBXFileReference; fileEncoding = 4; lastKnownFileType = sourcecode.c.objc; path = ExportBrainKeyViewController.m; sourceTree = "<group>"; };
		B36624BC1E03C58100CBC5B5 /* SettingsViewController.h */ = {isa = PBXFileReference; fileEncoding = 4; lastKnownFileType = sourcecode.c.h; path = SettingsViewController.h; sourceTree = "<group>"; };
		B36624BD1E03C58100CBC5B5 /* SettingsViewController.m */ = {isa = PBXFileReference; fileEncoding = 4; lastKnownFileType = sourcecode.c.objc; path = SettingsViewController.m; sourceTree = "<group>"; };
		B36624BF1E03E35D00CBC5B5 /* ChangePinController.h */ = {isa = PBXFileReference; fileEncoding = 4; lastKnownFileType = sourcecode.c.h; path = ChangePinController.h; sourceTree = "<group>"; };
		B36624C01E03E35D00CBC5B5 /* ChangePinController.m */ = {isa = PBXFileReference; fileEncoding = 4; lastKnownFileType = sourcecode.c.objc; path = ChangePinController.m; sourceTree = "<group>"; };
		B3846DD41DFEFA6500D6872C /* UIAlertController+Extensions.h */ = {isa = PBXFileReference; fileEncoding = 4; lastKnownFileType = sourcecode.c.h; path = "UIAlertController+Extensions.h"; sourceTree = "<group>"; };
		B3846DD51DFEFA6500D6872C /* UIAlertController+Extensions.m */ = {isa = PBXFileReference; fileEncoding = 4; lastKnownFileType = sourcecode.c.objc; path = "UIAlertController+Extensions.m"; sourceTree = "<group>"; };
		C868A7ACCCAB41BA143599EE /* Pods-qtum wallet.release.xcconfig */ = {isa = PBXFileReference; includeInIndex = 1; lastKnownFileType = text.xcconfig; name = "Pods-qtum wallet.release.xcconfig"; path = "Pods/Target Support Files/Pods-qtum wallet/Pods-qtum wallet.release.xcconfig"; sourceTree = "<group>"; };
		E70550CB1DF96E4100B48DC1 /* RecieveViewController.h */ = {isa = PBXFileReference; fileEncoding = 4; lastKnownFileType = sourcecode.c.h; path = RecieveViewController.h; sourceTree = "<group>"; };
		E70550CC1DF96E4100B48DC1 /* RecieveViewController.m */ = {isa = PBXFileReference; fileEncoding = 4; lastKnownFileType = sourcecode.c.objc; path = RecieveViewController.m; sourceTree = "<group>"; };
		E71AF2421E0177910068595B /* qtum walletTests.xctest */ = {isa = PBXFileReference; explicitFileType = wrapper.cfbundle; includeInIndex = 0; path = "qtum walletTests.xctest"; sourceTree = BUILT_PRODUCTS_DIR; };
		E71AF2441E0177910068595B /* qtum_walletTests.m */ = {isa = PBXFileReference; lastKnownFileType = sourcecode.c.objc; path = qtum_walletTests.m; sourceTree = "<group>"; };
		E71AF2461E0177910068595B /* Info.plist */ = {isa = PBXFileReference; lastKnownFileType = text.plist.xml; path = Info.plist; sourceTree = "<group>"; };
		E71AF24C1E0178C50068595B /* libCoreBitcoin.a */ = {isa = PBXFileReference; lastKnownFileType = archive.ar; name = libCoreBitcoin.a; path = "../../../Library/Developer/Xcode/DerivedData/qtum_wallet-arbewxanfsytvybnfcusgblmtdes/Build/Products/Debug-iphonesimulator/CoreBitcoin/libCoreBitcoin.a"; sourceTree = "<group>"; };
		E71AF24F1E017D250068595B /* WordsArray.h */ = {isa = PBXFileReference; fileEncoding = 4; lastKnownFileType = sourcecode.c.h; path = WordsArray.h; sourceTree = "<group>"; };
		E71AF2501E017D250068595B /* WordsArray.m */ = {isa = PBXFileReference; fileEncoding = 4; lastKnownFileType = sourcecode.c.objc; path = WordsArray.m; sourceTree = "<group>"; };
		E71AF2531E018F6A0068595B /* WalletManager.h */ = {isa = PBXFileReference; fileEncoding = 4; lastKnownFileType = sourcecode.c.h; path = WalletManager.h; sourceTree = "<group>"; };
		E71AF2541E018F6A0068595B /* WalletManager.m */ = {isa = PBXFileReference; fileEncoding = 4; lastKnownFileType = sourcecode.c.objc; path = WalletManager.m; sourceTree = "<group>"; };
		E727F1761E02749D0080E79D /* Wallet.h */ = {isa = PBXFileReference; fileEncoding = 4; lastKnownFileType = sourcecode.c.h; path = Wallet.h; sourceTree = "<group>"; };
		E727F1771E02749D0080E79D /* Wallet.m */ = {isa = PBXFileReference; fileEncoding = 4; lastKnownFileType = sourcecode.c.objc; path = Wallet.m; sourceTree = "<group>"; };
		E739104D1DE2E165008145A8 /* HistoryElement.h */ = {isa = PBXFileReference; fileEncoding = 4; lastKnownFileType = sourcecode.c.h; path = HistoryElement.h; sourceTree = "<group>"; };
		E739104E1DE2E165008145A8 /* HistoryElement.m */ = {isa = PBXFileReference; fileEncoding = 4; lastKnownFileType = sourcecode.c.objc; path = HistoryElement.m; sourceTree = "<group>"; };
		E73910511DE30BA8008145A8 /* QRCodeViewController.h */ = {isa = PBXFileReference; fileEncoding = 4; lastKnownFileType = sourcecode.c.h; path = QRCodeViewController.h; sourceTree = "<group>"; };
		E73910521DE30BA8008145A8 /* QRCodeViewController.m */ = {isa = PBXFileReference; fileEncoding = 4; lastKnownFileType = sourcecode.c.objc; path = QRCodeViewController.m; sourceTree = "<group>"; };
		E73910551DE424DD008145A8 /* BTCTransaction+Extensions.h */ = {isa = PBXFileReference; fileEncoding = 4; lastKnownFileType = sourcecode.c.h; path = "BTCTransaction+Extensions.h"; sourceTree = "<group>"; };
		E73910561DE424DD008145A8 /* BTCTransaction+Extensions.m */ = {isa = PBXFileReference; fileEncoding = 4; lastKnownFileType = sourcecode.c.objc; path = "BTCTransaction+Extensions.m"; sourceTree = "<group>"; };
		E73910591DE45398008145A8 /* BaseViewController.h */ = {isa = PBXFileReference; fileEncoding = 4; lastKnownFileType = sourcecode.c.h; path = BaseViewController.h; sourceTree = "<group>"; };
		E739105A1DE45398008145A8 /* BaseViewController.m */ = {isa = PBXFileReference; fileEncoding = 4; lastKnownFileType = sourcecode.c.objc; path = BaseViewController.m; sourceTree = "<group>"; };
		E739105D1DE5E131008145A8 /* KeyViewController.h */ = {isa = PBXFileReference; fileEncoding = 4; lastKnownFileType = sourcecode.c.h; path = KeyViewController.h; sourceTree = "<group>"; };
		E739105E1DE5E131008145A8 /* KeyViewController.m */ = {isa = PBXFileReference; fileEncoding = 4; lastKnownFileType = sourcecode.c.objc; path = KeyViewController.m; sourceTree = "<group>"; };
		E7396ADA1DDCBFCE0002CD47 /* BlockchainInfoManager.h */ = {isa = PBXFileReference; fileEncoding = 4; lastKnownFileType = sourcecode.c.h; path = BlockchainInfoManager.h; sourceTree = "<group>"; };
		E7396ADB1DDCBFCE0002CD47 /* BlockchainInfoManager.m */ = {isa = PBXFileReference; fileEncoding = 4; lastKnownFileType = sourcecode.c.objc; path = BlockchainInfoManager.m; sourceTree = "<group>"; };
		E7396ADF1DDDEA2E0002CD47 /* GradientView.h */ = {isa = PBXFileReference; fileEncoding = 4; lastKnownFileType = sourcecode.c.h; path = GradientView.h; sourceTree = "<group>"; };
		E7396AE01DDDEA2E0002CD47 /* GradientView.m */ = {isa = PBXFileReference; fileEncoding = 4; lastKnownFileType = sourcecode.c.objc; path = GradientView.m; sourceTree = "<group>"; };
		E7396AE31DDDF5F20002CD47 /* StartViewController.h */ = {isa = PBXFileReference; fileEncoding = 4; lastKnownFileType = sourcecode.c.h; path = StartViewController.h; sourceTree = "<group>"; };
		E7396AE41DDDF5F20002CD47 /* StartViewController.m */ = {isa = PBXFileReference; fileEncoding = 4; lastKnownFileType = sourcecode.c.objc; path = StartViewController.m; sourceTree = "<group>"; };
		E7396AE61DDEDEEC0002CD47 /* CircleGradientView.h */ = {isa = PBXFileReference; fileEncoding = 4; lastKnownFileType = sourcecode.c.h; path = CircleGradientView.h; sourceTree = "<group>"; };
		E7396AE71DDEDEEC0002CD47 /* CircleGradientView.m */ = {isa = PBXFileReference; fileEncoding = 4; lastKnownFileType = sourcecode.c.objc; path = CircleGradientView.m; sourceTree = "<group>"; };
		E7396AEA1DDEF7E30002CD47 /* MainViewController.h */ = {isa = PBXFileReference; fileEncoding = 4; lastKnownFileType = sourcecode.c.h; path = MainViewController.h; sourceTree = "<group>"; };
		E7396AEB1DDEF7E30002CD47 /* MainViewController.m */ = {isa = PBXFileReference; fileEncoding = 4; lastKnownFileType = sourcecode.c.objc; path = MainViewController.m; sourceTree = "<group>"; };
		E7396AEE1DDEF8030002CD47 /* AddressListViewController.h */ = {isa = PBXFileReference; fileEncoding = 4; lastKnownFileType = sourcecode.c.h; path = AddressListViewController.h; sourceTree = "<group>"; };
		E7396AEF1DDEF8030002CD47 /* AddressListViewController.m */ = {isa = PBXFileReference; fileEncoding = 4; lastKnownFileType = sourcecode.c.objc; path = AddressListViewController.m; sourceTree = "<group>"; };
		E7396AF21DDEF8260002CD47 /* NewPaymentViewController.h */ = {isa = PBXFileReference; fileEncoding = 4; lastKnownFileType = sourcecode.c.h; path = NewPaymentViewController.h; sourceTree = "<group>"; };
		E7396AF31DDEF8260002CD47 /* NewPaymentViewController.m */ = {isa = PBXFileReference; fileEncoding = 4; lastKnownFileType = sourcecode.c.objc; path = NewPaymentViewController.m; sourceTree = "<group>"; };
		E7396AF61DDF0C970002CD47 /* HistoryTableViewCell.h */ = {isa = PBXFileReference; fileEncoding = 4; lastKnownFileType = sourcecode.c.h; path = HistoryTableViewCell.h; sourceTree = "<group>"; };
		E7396AF71DDF0C970002CD47 /* HistoryTableViewCell.m */ = {isa = PBXFileReference; fileEncoding = 4; lastKnownFileType = sourcecode.c.objc; path = HistoryTableViewCell.m; sourceTree = "<group>"; };
		E7396AFA1DDF19C90002CD47 /* AddressTableViewCell.h */ = {isa = PBXFileReference; fileEncoding = 4; lastKnownFileType = sourcecode.c.h; path = AddressTableViewCell.h; sourceTree = "<group>"; };
		E7396AFB1DDF19C90002CD47 /* AddressTableViewCell.m */ = {isa = PBXFileReference; fileEncoding = 4; lastKnownFileType = sourcecode.c.objc; path = AddressTableViewCell.m; sourceTree = "<group>"; };
		E7396AFD1DDF394C0002CD47 /* TextFieldWithLine.h */ = {isa = PBXFileReference; fileEncoding = 4; lastKnownFileType = sourcecode.c.h; path = TextFieldWithLine.h; sourceTree = "<group>"; };
		E7396AFE1DDF394C0002CD47 /* TextFieldWithLine.m */ = {isa = PBXFileReference; fileEncoding = 4; lastKnownFileType = sourcecode.c.objc; path = TextFieldWithLine.m; sourceTree = "<group>"; };
		E74636841DCB300800A13318 /* Utils.h */ = {isa = PBXFileReference; fileEncoding = 4; lastKnownFileType = sourcecode.c.h; path = Utils.h; sourceTree = "<group>"; };
		E74636851DCB300800A13318 /* Utils.m */ = {isa = PBXFileReference; fileEncoding = 4; lastKnownFileType = sourcecode.c.objc; path = Utils.m; sourceTree = "<group>"; };
		E7D241D71DE6D6B1003E507B /* QRCodeManager.h */ = {isa = PBXFileReference; fileEncoding = 4; lastKnownFileType = sourcecode.c.h; path = QRCodeManager.h; sourceTree = "<group>"; };
		E7D241D81DE6D6B1003E507B /* QRCodeManager.m */ = {isa = PBXFileReference; fileEncoding = 4; lastKnownFileType = sourcecode.c.objc; path = QRCodeManager.m; sourceTree = "<group>"; };
		E7D241DB1DE709D6003E507B /* ImportKeyViewController.h */ = {isa = PBXFileReference; fileEncoding = 4; lastKnownFileType = sourcecode.c.h; path = ImportKeyViewController.h; sourceTree = "<group>"; };
		E7D241DC1DE709D6003E507B /* ImportKeyViewController.m */ = {isa = PBXFileReference; fileEncoding = 4; lastKnownFileType = sourcecode.c.objc; path = ImportKeyViewController.m; sourceTree = "<group>"; };
		E7DD00E81DC9BF9D00FD5335 /* TransactionManager.h */ = {isa = PBXFileReference; fileEncoding = 4; lastKnownFileType = sourcecode.c.h; path = TransactionManager.h; sourceTree = "<group>"; };
		E7DD00E91DC9BF9D00FD5335 /* TransactionManager.m */ = {isa = PBXFileReference; fileEncoding = 4; lastKnownFileType = sourcecode.c.objc; path = TransactionManager.m; sourceTree = "<group>"; };
		E7DD00F01DC9E64300FD5335 /* BTCBlockchainInfo+QtumExplorer.h */ = {isa = PBXFileReference; fileEncoding = 4; lastKnownFileType = sourcecode.c.h; path = "BTCBlockchainInfo+QtumExplorer.h"; sourceTree = "<group>"; };
		E7DD00F11DC9E64300FD5335 /* BTCBlockchainInfo+QtumExplorer.m */ = {isa = PBXFileReference; fileEncoding = 4; lastKnownFileType = sourcecode.c.objc; path = "BTCBlockchainInfo+QtumExplorer.m"; sourceTree = "<group>"; };
		E7E3C52F1DDC8AD400C30AA9 /* RPCRequestManager.h */ = {isa = PBXFileReference; fileEncoding = 4; lastKnownFileType = sourcecode.c.h; path = RPCRequestManager.h; sourceTree = "<group>"; };
		E7E3C5301DDC8AD400C30AA9 /* RPCRequestManager.m */ = {isa = PBXFileReference; fileEncoding = 4; lastKnownFileType = sourcecode.c.objc; path = RPCRequestManager.m; sourceTree = "<group>"; };
		E7FD36381DC4D07E00748177 /* qtum wallet.app */ = {isa = PBXFileReference; explicitFileType = wrapper.application; includeInIndex = 0; path = "qtum wallet.app"; sourceTree = BUILT_PRODUCTS_DIR; };
		E7FD363C1DC4D07E00748177 /* main.m */ = {isa = PBXFileReference; lastKnownFileType = sourcecode.c.objc; path = main.m; sourceTree = "<group>"; };
		E7FD363E1DC4D07E00748177 /* AppDelegate.h */ = {isa = PBXFileReference; lastKnownFileType = sourcecode.c.h; path = AppDelegate.h; sourceTree = "<group>"; };
		E7FD363F1DC4D07E00748177 /* AppDelegate.m */ = {isa = PBXFileReference; lastKnownFileType = sourcecode.c.objc; path = AppDelegate.m; sourceTree = "<group>"; };
		E7FD36451DC4D07E00748177 /* Base */ = {isa = PBXFileReference; lastKnownFileType = file.storyboard; name = Base; path = Base.lproj/Main.storyboard; sourceTree = "<group>"; };
		E7FD36471DC4D07E00748177 /* Assets.xcassets */ = {isa = PBXFileReference; lastKnownFileType = folder.assetcatalog; path = Assets.xcassets; sourceTree = "<group>"; };
		E7FD364A1DC4D07E00748177 /* Base */ = {isa = PBXFileReference; lastKnownFileType = file.storyboard; name = Base; path = Base.lproj/LaunchScreen.storyboard; sourceTree = "<group>"; };
		E7FD364C1DC4D07E00748177 /* Info.plist */ = {isa = PBXFileReference; lastKnownFileType = text.plist.xml; path = Info.plist; sourceTree = "<group>"; };
		E7FD36581DC7308A00748177 /* FXKeychain.h */ = {isa = PBXFileReference; fileEncoding = 4; lastKnownFileType = sourcecode.c.h; path = FXKeychain.h; sourceTree = "<group>"; };
		E7FD36591DC7308A00748177 /* FXKeychain.m */ = {isa = PBXFileReference; fileEncoding = 4; lastKnownFileType = sourcecode.c.objc; path = FXKeychain.m; sourceTree = "<group>"; };
		E7FD365B1DC7360400748177 /* Security.framework */ = {isa = PBXFileReference; lastKnownFileType = wrapper.framework; name = Security.framework; path = System/Library/Frameworks/Security.framework; sourceTree = SDKROOT; };
		E7FD36611DC73D4600748177 /* PrefixHeader.pch */ = {isa = PBXFileReference; fileEncoding = 4; lastKnownFileType = sourcecode.c.h; path = PrefixHeader.pch; sourceTree = "<group>"; };
		E7FD36641DC76EBC00748177 /* RequestManager.h */ = {isa = PBXFileReference; fileEncoding = 4; lastKnownFileType = sourcecode.c.h; path = RequestManager.h; sourceTree = "<group>"; };
		E7FD36651DC76EBC00748177 /* RequestManager.m */ = {isa = PBXFileReference; fileEncoding = 4; lastKnownFileType = sourcecode.c.objc; path = RequestManager.m; sourceTree = "<group>"; };
/* End PBXFileReference section */

/* Begin PBXFrameworksBuildPhase section */
		E71AF23F1E0177910068595B /* Frameworks */ = {
			isa = PBXFrameworksBuildPhase;
			buildActionMask = 2147483647;
			files = (
				E71AF24E1E0178EB0068595B /* Security.framework in Frameworks */,
				E71AF24D1E0178C50068595B /* libCoreBitcoin.a in Frameworks */,
			);
			runOnlyForDeploymentPostprocessing = 0;
		};
		E7FD36351DC4D07E00748177 /* Frameworks */ = {
			isa = PBXFrameworksBuildPhase;
			buildActionMask = 2147483647;
			files = (
				E7FD365C1DC7360400748177 /* Security.framework in Frameworks */,
				0C779EBBB0780FE8BF137970 /* libPods-qtum wallet.a in Frameworks */,
			);
			runOnlyForDeploymentPostprocessing = 0;
		};
/* End PBXFrameworksBuildPhase section */

/* Begin PBXGroup section */
		1101CF421E00C5E70000E862 /* Side Menu */ = {
			isa = PBXGroup;
			children = (
				B3210D2D1E00409600365FB6 /* LGSideMenuController.h */,
				B3210D2E1E00409600365FB6 /* LGSideMenuController.m */,
				B3210D2F1E00409600365FB6 /* UIViewController+LGSideMenuController.h */,
				B3210D301E00409600365FB6 /* UIViewController+LGSideMenuController.m */,
			);
			name = "Side Menu";
			sourceTree = "<group>";
		};
		94DECCBC55E0AE7D7EF532E6 /* Pods */ = {
			isa = PBXGroup;
			children = (
				413D88732039B4AB52E1927C /* Pods-qtum wallet.debug.xcconfig */,
				C868A7ACCCAB41BA143599EE /* Pods-qtum wallet.release.xcconfig */,
			);
			name = Pods;
			sourceTree = "<group>";
		};
		B3210D111E0004F900365FB6 /* Gradient Layer */ = {
			isa = PBXGroup;
			children = (
				B3210D121E00052900365FB6 /* GradientLayer.h */,
				B3210D131E00052900365FB6 /* GradientLayer.m */,
				B3210D181E00142100365FB6 /* ViewWithGradientPoints.h */,
				B3210D191E00142100365FB6 /* ViewWithGradientPoints.m */,
			);
			name = "Gradient Layer";
			sourceTree = "<group>";
		};
		B3210D1D1E001E8900365FB6 /* PIN */ = {
			isa = PBXGroup;
			children = (
				B32142851E012A5800489BB1 /* CreatePinRootController.h */,
				B32142861E012A5800489BB1 /* CreatePinRootController.m */,
				B3210D1E1E001EC200365FB6 /* PinViewController.h */,
				B3210D1F1E001EC200365FB6 /* PinViewController.m */,
				B32142881E01477A00489BB1 /* AskPinController.h */,
				B32142891E01477A00489BB1 /* AskPinController.m */,
				B36624BF1E03E35D00CBC5B5 /* ChangePinController.h */,
				B36624C01E03E35D00CBC5B5 /* ChangePinController.m */,
			);
			name = PIN;
			sourceTree = "<group>";
		};
		B3210D271E00326B00365FB6 /* Fonts */ = {
			isa = PBXGroup;
			children = (
				B3210D281E00327600365FB6 /* SFUIDisplay-Regular.otf */,
			);
			name = Fonts;
			sourceTree = "<group>";
		};
		B321428E1E0154F700489BB1 /* Text Field */ = {
			isa = PBXGroup;
			children = (
				B321428B1E0153F000489BB1 /* CustomTextField.h */,
				B321428C1E0153F000489BB1 /* CustomTextField.m */,
			);
			name = "Text Field";
			path = ..;
			sourceTree = "<group>";
		};
		B321E87B1E0BE35200DC7DE5 /* ExportKey */ = {
			isa = PBXGroup;
			children = (
				B321E87C1E0BE39B00DC7DE5 /* ExportBrainKeyViewController.h */,
				B321E87D1E0BE39B00DC7DE5 /* ExportBrainKeyViewController.m */,
			);
			name = ExportKey;
			sourceTree = "<group>";
		};
		B36624BB1E03C55300CBC5B5 /* Settings */ = {
			isa = PBXGroup;
			children = (
				B36624BC1E03C58100CBC5B5 /* SettingsViewController.h */,
				B36624BD1E03C58100CBC5B5 /* SettingsViewController.m */,
			);
			name = Settings;
			sourceTree = "<group>";
		};
		B3846DD31DFEFA0800D6872C /* Extensions */ = {
			isa = PBXGroup;
			children = (
				B3846DD41DFEFA6500D6872C /* UIAlertController+Extensions.h */,
				B3846DD51DFEFA6500D6872C /* UIAlertController+Extensions.m */,
			);
			name = Extensions;
			path = ..;
			sourceTree = "<group>";
		};
		E70550CA1DF96E2000B48DC1 /* Recieve */ = {
			isa = PBXGroup;
			children = (
				E70550CB1DF96E4100B48DC1 /* RecieveViewController.h */,
				E70550CC1DF96E4100B48DC1 /* RecieveViewController.m */,
			);
			name = Recieve;
			sourceTree = "<group>";
		};
		E71AF2431E0177910068595B /* qtum walletTests */ = {
			isa = PBXGroup;
			children = (
				E71AF2441E0177910068595B /* qtum_walletTests.m */,
				E71AF2461E0177910068595B /* Info.plist */,
			);
			path = "qtum walletTests";
			sourceTree = "<group>";
		};
		E71AF2521E018F4F0068595B /* WalletManager */ = {
			isa = PBXGroup;
			children = (
				E71AF2531E018F6A0068595B /* WalletManager.h */,
				E71AF2541E018F6A0068595B /* WalletManager.m */,
			);
			name = WalletManager;
			sourceTree = "<group>";
		};
		E73910501DE30B91008145A8 /* QRCode */ = {
			isa = PBXGroup;
			children = (
				E73910511DE30BA8008145A8 /* QRCodeViewController.h */,
				E73910521DE30BA8008145A8 /* QRCodeViewController.m */,
			);
			path = QRCode;
			sourceTree = "<group>";
		};
		E73910541DE42457008145A8 /* Categories */ = {
			isa = PBXGroup;
			children = (
				E73910551DE424DD008145A8 /* BTCTransaction+Extensions.h */,
				E73910561DE424DD008145A8 /* BTCTransaction+Extensions.m */,
			);
			path = Categories;
			sourceTree = "<group>";
		};
		E73910581DE45386008145A8 /* Base */ = {
			isa = PBXGroup;
			children = (
				E73910591DE45398008145A8 /* BaseViewController.h */,
				E739105A1DE45398008145A8 /* BaseViewController.m */,
			);
			path = Base;
			sourceTree = "<group>";
		};
		E739105C1DE5E11F008145A8 /* Key */ = {
			isa = PBXGroup;
			children = (
				E739105D1DE5E131008145A8 /* KeyViewController.h */,
				E739105E1DE5E131008145A8 /* KeyViewController.m */,
			);
			name = Key;
			path = PublicKey;
			sourceTree = "<group>";
		};
		E7396ADD1DDCBFD20002CD47 /* BlockchainInfo */ = {
			isa = PBXGroup;
			children = (
				E7396ADA1DDCBFCE0002CD47 /* BlockchainInfoManager.h */,
				E7396ADB1DDCBFCE0002CD47 /* BlockchainInfoManager.m */,
			);
			path = BlockchainInfo;
			sourceTree = "<group>";
		};
		E7396ADE1DDDEA0E0002CD47 /* Gradient */ = {
			isa = PBXGroup;
			children = (
				B3210D111E0004F900365FB6 /* Gradient Layer */,
				E7396AE61DDEDEEC0002CD47 /* CircleGradientView.h */,
				E7396AE71DDEDEEC0002CD47 /* CircleGradientView.m */,
				E7396ADF1DDDEA2E0002CD47 /* GradientView.h */,
				E7396AE01DDDEA2E0002CD47 /* GradientView.m */,
			);
			path = Gradient;
			sourceTree = "<group>";
		};
		E7396AE21DDDF5DC0002CD47 /* Start */ = {
			isa = PBXGroup;
			children = (
				E7396AE31DDDF5F20002CD47 /* StartViewController.h */,
				E7396AE41DDDF5F20002CD47 /* StartViewController.m */,
			);
			path = Start;
			sourceTree = "<group>";
		};
		E7396AE91DDEF7CE0002CD47 /* Main */ = {
			isa = PBXGroup;
			children = (
				E7396AF51DDF0C7D0002CD47 /* Cell */,
				E7396AEA1DDEF7E30002CD47 /* MainViewController.h */,
				E7396AEB1DDEF7E30002CD47 /* MainViewController.m */,
			);
			path = Main;
			sourceTree = "<group>";
		};
		E7396AED1DDEF7F10002CD47 /* AddressList */ = {
			isa = PBXGroup;
			children = (
				E7396AF91DDF19BE0002CD47 /* Cell */,
				E7396AEE1DDEF8030002CD47 /* AddressListViewController.h */,
				E7396AEF1DDEF8030002CD47 /* AddressListViewController.m */,
			);
			path = AddressList;
			sourceTree = "<group>";
		};
		E7396AF11DDEF81A0002CD47 /* NewPayment */ = {
			isa = PBXGroup;
			children = (
				E7396AF21DDEF8260002CD47 /* NewPaymentViewController.h */,
				E7396AF31DDEF8260002CD47 /* NewPaymentViewController.m */,
			);
			path = NewPayment;
			sourceTree = "<group>";
		};
		E7396AF51DDF0C7D0002CD47 /* Cell */ = {
			isa = PBXGroup;
			children = (
				E7396AF61DDF0C970002CD47 /* HistoryTableViewCell.h */,
				E7396AF71DDF0C970002CD47 /* HistoryTableViewCell.m */,
			);
			path = Cell;
			sourceTree = "<group>";
		};
		E7396AF91DDF19BE0002CD47 /* Cell */ = {
			isa = PBXGroup;
			children = (
				E7396AFA1DDF19C90002CD47 /* AddressTableViewCell.h */,
				E7396AFB1DDF19C90002CD47 /* AddressTableViewCell.m */,
			);
			path = Cell;
			sourceTree = "<group>";
		};
		E7396B001DDF3FFA0002CD47 /* TextFielfWithLine */ = {
			isa = PBXGroup;
			children = (
				E7396AFD1DDF394C0002CD47 /* TextFieldWithLine.h */,
				E7396AFE1DDF394C0002CD47 /* TextFieldWithLine.m */,
			);
			path = TextFielfWithLine;
			sourceTree = "<group>";
		};
		E7D241D61DE6D697003E507B /* QRCode */ = {
			isa = PBXGroup;
			children = (
				E7D241D71DE6D6B1003E507B /* QRCodeManager.h */,
				E7D241D81DE6D6B1003E507B /* QRCodeManager.m */,
			);
			path = QRCode;
			sourceTree = "<group>";
		};
		E7D241DA1DE709B5003E507B /* ImportKey */ = {
			isa = PBXGroup;
			children = (
				E7D241DB1DE709D6003E507B /* ImportKeyViewController.h */,
				E7D241DC1DE709D6003E507B /* ImportKeyViewController.m */,
				B321E8781E0BC8D200DC7DE5 /* ImportKeyCoordinator.h */,
				B321E8791E0BC8D200DC7DE5 /* ImportKeyCoordinator.m */,
			);
			name = ImportKey;
			sourceTree = "<group>";
		};
		E7DD00EB1DC9BFA300FD5335 /* Transaction */ = {
			isa = PBXGroup;
			children = (
				E7DD00E81DC9BF9D00FD5335 /* TransactionManager.h */,
				E7DD00E91DC9BF9D00FD5335 /* TransactionManager.m */,
			);
			path = Transaction;
			sourceTree = "<group>";
		};
		E7DD00EF1DC9E5BD00FD5335 /* Categories */ = {
			isa = PBXGroup;
			children = (
				E7DD00F01DC9E64300FD5335 /* BTCBlockchainInfo+QtumExplorer.h */,
				E7DD00F11DC9E64300FD5335 /* BTCBlockchainInfo+QtumExplorer.m */,
			);
			path = Categories;
			sourceTree = "<group>";
		};
		E7FD362F1DC4D07E00748177 = {
			isa = PBXGroup;
			children = (
				E71AF2431E0177910068595B /* qtum walletTests */,
				F94C279886F936AB7B4DA6F8 /* Frameworks */,
				94DECCBC55E0AE7D7EF532E6 /* Pods */,
				E7FD36391DC4D07E00748177 /* Products */,
				E7FD363A1DC4D07E00748177 /* qtum wallet */,
			);
			sourceTree = "<group>";
		};
		E7FD36391DC4D07E00748177 /* Products */ = {
			isa = PBXGroup;
			children = (
				E7FD36381DC4D07E00748177 /* qtum wallet.app */,
				E71AF2421E0177910068595B /* qtum walletTests.xctest */,
			);
			name = Products;
			sourceTree = "<group>";
		};
		E7FD363A1DC4D07E00748177 /* qtum wallet */ = {
			isa = PBXGroup;
			children = (
				E7FD36601DC73B7900748177 /* Application */,
				E7DD00EF1DC9E5BD00FD5335 /* Categories */,
				E7FD36531DC72B4F00748177 /* Controllers */,
				E7FD365D1DC73ACB00748177 /* Library */,
				E7FD365F1DC73B6300748177 /* Managers */,
				E7FD36521DC72B4400748177 /* Model */,
				E7FD363B1DC4D07E00748177 /* Supporting Files */,
				E7FD365E1DC73B2400748177 /* Views */,
				1101CF421E00C5E70000E862 /* Side Menu */,
				E7FD36441DC4D07E00748177 /* Main.storyboard */,
			);
			path = "qtum wallet";
			sourceTree = "<group>";
		};
		E7FD363B1DC4D07E00748177 /* Supporting Files */ = {
			isa = PBXGroup;
			children = (
				B3210D271E00326B00365FB6 /* Fonts */,
			);
			path = "Supporting Files";
			sourceTree = "<group>";
		};
		E7FD36521DC72B4400748177 /* Model */ = {
			isa = PBXGroup;
			children = (
				E739104D1DE2E165008145A8 /* HistoryElement.h */,
				E739104E1DE2E165008145A8 /* HistoryElement.m */,
				E727F1761E02749D0080E79D /* Wallet.h */,
				E727F1771E02749D0080E79D /* Wallet.m */,
			);
			path = Model;
			sourceTree = "<group>";
		};
		E7FD36531DC72B4F00748177 /* Controllers */ = {
			isa = PBXGroup;
			children = (
				B321E87B1E0BE35200DC7DE5 /* ExportKey */,
				B36624BB1E03C55300CBC5B5 /* Settings */,
				B3210D1D1E001E8900365FB6 /* PIN */,
				E70550CA1DF96E2000B48DC1 /* Recieve */,
				E7D241DA1DE709B5003E507B /* ImportKey */,
				E7396AED1DDEF7F10002CD47 /* AddressList */,
				E7396AE91DDEF7CE0002CD47 /* Main */,
				E7396AF11DDEF81A0002CD47 /* NewPayment */,
				E739105C1DE5E11F008145A8 /* Key */,
				E73910501DE30B91008145A8 /* QRCode */,
				E7396AE21DDDF5DC0002CD47 /* Start */,
			);
			path = Controllers;
			sourceTree = "<group>";
		};
		E7FD36571DC7307100748177 /* FXKeychain */ = {
			isa = PBXGroup;
			children = (
				E7FD36581DC7308A00748177 /* FXKeychain.h */,
				E7FD36591DC7308A00748177 /* FXKeychain.m */,
			);
			path = FXKeychain;
			sourceTree = "<group>";
		};
		E7FD365D1DC73ACB00748177 /* Library */ = {
			isa = PBXGroup;
			children = (
				B3846DD31DFEFA0800D6872C /* Extensions */,
				E73910581DE45386008145A8 /* Base */,
				E73910541DE42457008145A8 /* Categories */,
				E7FD36571DC7307100748177 /* FXKeychain */,
			);
			path = Library;
			sourceTree = "<group>";
		};
		E7FD365E1DC73B2400748177 /* Views */ = {
			isa = PBXGroup;
			children = (
				E7396ADE1DDDEA0E0002CD47 /* Gradient */,
				B321428E1E0154F700489BB1 /* Text Field */,
				E7396B001DDF3FFA0002CD47 /* TextFielfWithLine */,
			);
			path = Views;
			sourceTree = "<group>";
		};
		E7FD365F1DC73B6300748177 /* Managers */ = {
			isa = PBXGroup;
			children = (
				E71AF2521E018F4F0068595B /* WalletManager */,
				E7396ADD1DDCBFD20002CD47 /* BlockchainInfo */,
				E7FD36621DC769B500748177 /* Keys */,
				E7D241D61DE6D697003E507B /* QRCode */,
				E7FD366C1DC773FF00748177 /* Request */,
				E7DD00EB1DC9BFA300FD5335 /* Transaction */,
			);
			path = Managers;
			sourceTree = "<group>";
		};
		E7FD36601DC73B7900748177 /* Application */ = {
			isa = PBXGroup;
			children = (
				E7FD363E1DC4D07E00748177 /* AppDelegate.h */,
				E7FD363F1DC4D07E00748177 /* AppDelegate.m */,
				E7FD36471DC4D07E00748177 /* Assets.xcassets */,
				E7FD36491DC4D07E00748177 /* LaunchScreen.storyboard */,
				E7FD36611DC73D4600748177 /* PrefixHeader.pch */,
				E7FD364C1DC4D07E00748177 /* Info.plist */,
				E74636841DCB300800A13318 /* Utils.h */,
				E74636851DCB300800A13318 /* Utils.m */,
				E7FD363C1DC4D07E00748177 /* main.m */,
				E71AF24F1E017D250068595B /* WordsArray.h */,
				E71AF2501E017D250068595B /* WordsArray.m */,
				B3210D211E002E2900365FB6 /* ApplicationCoordinator.h */,
				B3210D221E002E2900365FB6 /* ApplicationCoordinator.m */,
				B3210D241E0030DB00365FB6 /* Appearance.h */,
				B3210D251E0030DB00365FB6 /* Appearance.m */,
				1101CF391E008C9E0000E862 /* ContentController.h */,
				1101CF3A1E008C9E0000E862 /* ContentController.m */,
				1101CF3C1E008DA20000E862 /* MenuViewController.h */,
				1101CF3D1E008DA20000E862 /* MenuViewController.m */,
				1101CF3F1E008DB40000E862 /* RootViewController.h */,
				1101CF401E008DB40000E862 /* RootViewController.m */,
			);
			path = Application;
			sourceTree = "<group>";
		};
		E7FD36621DC769B500748177 /* Keys */ = {
			isa = PBXGroup;
			children = (
			);
			path = Keys;
			sourceTree = "<group>";
		};
		E7FD366C1DC773FF00748177 /* Request */ = {
			isa = PBXGroup;
			children = (
				E7E3C52F1DDC8AD400C30AA9 /* RPCRequestManager.h */,
				E7E3C5301DDC8AD400C30AA9 /* RPCRequestManager.m */,
				E7FD36641DC76EBC00748177 /* RequestManager.h */,
				E7FD36651DC76EBC00748177 /* RequestManager.m */,
			);
			path = Request;
			sourceTree = "<group>";
		};
		F94C279886F936AB7B4DA6F8 /* Frameworks */ = {
			isa = PBXGroup;
			children = (
				E71AF24C1E0178C50068595B /* libCoreBitcoin.a */,
				E7FD365B1DC7360400748177 /* Security.framework */,
				0903654DC429CD9C31C04908 /* libPods-qtum wallet.a */,
			);
			name = Frameworks;
			sourceTree = "<group>";
		};
/* End PBXGroup section */

/* Begin PBXNativeTarget section */
		E71AF2411E0177910068595B /* qtum walletTests */ = {
			isa = PBXNativeTarget;
			buildConfigurationList = E71AF24B1E0177910068595B /* Build configuration list for PBXNativeTarget "qtum walletTests" */;
			buildPhases = (
				E71AF23E1E0177910068595B /* Sources */,
				E71AF23F1E0177910068595B /* Frameworks */,
				E71AF2401E0177910068595B /* Resources */,
			);
			buildRules = (
			);
			dependencies = (
				E71AF2481E0177910068595B /* PBXTargetDependency */,
			);
			name = "qtum walletTests";
			productName = "qtum walletTests";
			productReference = E71AF2421E0177910068595B /* qtum walletTests.xctest */;
			productType = "com.apple.product-type.bundle.unit-test";
		};
		E7FD36371DC4D07E00748177 /* qtum wallet */ = {
			isa = PBXNativeTarget;
			buildConfigurationList = E7FD364F1DC4D07E00748177 /* Build configuration list for PBXNativeTarget "qtum wallet" */;
			buildPhases = (
				F79955B856A388C1F1C8305A /* [CP] Check Pods Manifest.lock */,
				E7FD36341DC4D07E00748177 /* Sources */,
				E7FD36351DC4D07E00748177 /* Frameworks */,
				E7FD36361DC4D07E00748177 /* Resources */,
				094AC2E300B2D4BEF04A6420 /* [CP] Embed Pods Frameworks */,
				BBDAA643D3F5A61C3D80AB51 /* [CP] Copy Pods Resources */,
			);
			buildRules = (
			);
			dependencies = (
			);
			name = "qtum wallet";
			productName = "qtum wallet";
			productReference = E7FD36381DC4D07E00748177 /* qtum wallet.app */;
			productType = "com.apple.product-type.application";
		};
/* End PBXNativeTarget section */

/* Begin PBXProject section */
		E7FD36301DC4D07E00748177 /* Project object */ = {
			isa = PBXProject;
			attributes = {
				LastUpgradeCheck = 0810;
				ORGANIZATIONNAME = Designsters;
				TargetAttributes = {
					E71AF2411E0177910068595B = {
						CreatedOnToolsVersion = 8.1;
						DevelopmentTeam = Q7Q43CUMWT;
						ProvisioningStyle = Automatic;
						TestTargetID = E7FD36371DC4D07E00748177;
					};
					E7FD36371DC4D07E00748177 = {
						CreatedOnToolsVersion = 8.1;
						DevelopmentTeam = Q7Q43CUMWT;
						ProvisioningStyle = Automatic;
					};
				};
			};
			buildConfigurationList = E7FD36331DC4D07E00748177 /* Build configuration list for PBXProject "qtum wallet" */;
			compatibilityVersion = "Xcode 3.2";
			developmentRegion = English;
			hasScannedForEncodings = 0;
			knownRegions = (
				en,
				Base,
			);
			mainGroup = E7FD362F1DC4D07E00748177;
			productRefGroup = E7FD36391DC4D07E00748177 /* Products */;
			projectDirPath = "";
			projectRoot = "";
			targets = (
				E7FD36371DC4D07E00748177 /* qtum wallet */,
				E71AF2411E0177910068595B /* qtum walletTests */,
			);
		};
/* End PBXProject section */

/* Begin PBXResourcesBuildPhase section */
		E71AF2401E0177910068595B /* Resources */ = {
			isa = PBXResourcesBuildPhase;
			buildActionMask = 2147483647;
			files = (
			);
			runOnlyForDeploymentPostprocessing = 0;
		};
		E7FD36361DC4D07E00748177 /* Resources */ = {
			isa = PBXResourcesBuildPhase;
			buildActionMask = 2147483647;
			files = (
				B3210D291E00328A00365FB6 /* SFUIDisplay-Regular.otf in Resources */,
				E7FD364B1DC4D07E00748177 /* LaunchScreen.storyboard in Resources */,
				E7FD36481DC4D07E00748177 /* Assets.xcassets in Resources */,
				E7FD36461DC4D07E00748177 /* Main.storyboard in Resources */,
			);
			runOnlyForDeploymentPostprocessing = 0;
		};
/* End PBXResourcesBuildPhase section */

/* Begin PBXShellScriptBuildPhase section */
		094AC2E300B2D4BEF04A6420 /* [CP] Embed Pods Frameworks */ = {
			isa = PBXShellScriptBuildPhase;
			buildActionMask = 2147483647;
			files = (
			);
			inputPaths = (
			);
			name = "[CP] Embed Pods Frameworks";
			outputPaths = (
			);
			runOnlyForDeploymentPostprocessing = 0;
			shellPath = /bin/sh;
			shellScript = "\"${SRCROOT}/Pods/Target Support Files/Pods-qtum wallet/Pods-qtum wallet-frameworks.sh\"\n";
			showEnvVarsInLog = 0;
		};
		BBDAA643D3F5A61C3D80AB51 /* [CP] Copy Pods Resources */ = {
			isa = PBXShellScriptBuildPhase;
			buildActionMask = 2147483647;
			files = (
			);
			inputPaths = (
			);
			name = "[CP] Copy Pods Resources";
			outputPaths = (
			);
			runOnlyForDeploymentPostprocessing = 0;
			shellPath = /bin/sh;
			shellScript = "\"${SRCROOT}/Pods/Target Support Files/Pods-qtum wallet/Pods-qtum wallet-resources.sh\"\n";
			showEnvVarsInLog = 0;
		};
		F79955B856A388C1F1C8305A /* [CP] Check Pods Manifest.lock */ = {
			isa = PBXShellScriptBuildPhase;
			buildActionMask = 2147483647;
			files = (
			);
			inputPaths = (
			);
			name = "[CP] Check Pods Manifest.lock";
			outputPaths = (
			);
			runOnlyForDeploymentPostprocessing = 0;
			shellPath = /bin/sh;
			shellScript = "diff \"${PODS_ROOT}/../Podfile.lock\" \"${PODS_ROOT}/Manifest.lock\" > /dev/null\nif [ $? != 0 ] ; then\n    # print error to STDERR\n    echo \"error: The sandbox is not in sync with the Podfile.lock. Run 'pod install' or update your CocoaPods installation.\" >&2\n    exit 1\nfi\n";
			showEnvVarsInLog = 0;
		};
/* End PBXShellScriptBuildPhase section */

/* Begin PBXSourcesBuildPhase section */
		E71AF23E1E0177910068595B /* Sources */ = {
			isa = PBXSourcesBuildPhase;
			buildActionMask = 2147483647;
			files = (
				E71AF2451E0177910068595B /* qtum_walletTests.m in Sources */,
			);
			runOnlyForDeploymentPostprocessing = 0;
		};
		E7FD36341DC4D07E00748177 /* Sources */ = {
			isa = PBXSourcesBuildPhase;
			buildActionMask = 2147483647;
			files = (
				E7D241D91DE6D6B1003E507B /* QRCodeManager.m in Sources */,
				E7DD00EA1DC9BF9D00FD5335 /* TransactionManager.m in Sources */,
				E71AF2511E017D250068595B /* WordsArray.m in Sources */,
				E7E3C5311DDC8AD400C30AA9 /* RPCRequestManager.m in Sources */,
				E7396AF81DDF0C970002CD47 /* HistoryTableViewCell.m in Sources */,
				B3210D311E00409600365FB6 /* LGSideMenuController.m in Sources */,
				E7396AF01DDEF8030002CD47 /* AddressListViewController.m in Sources */,
				B32142871E012A5800489BB1 /* CreatePinRootController.m in Sources */,
				B321428A1E01477A00489BB1 /* AskPinController.m in Sources */,
				E7396AE11DDDEA2E0002CD47 /* GradientView.m in Sources */,
				1101CF3E1E008DA20000E862 /* MenuViewController.m in Sources */,
				E7396AEC1DDEF7E30002CD47 /* MainViewController.m in Sources */,
				B36624BE1E03C58100CBC5B5 /* SettingsViewController.m in Sources */,
				E7396AE51DDDF5F20002CD47 /* StartViewController.m in Sources */,
				E70550CD1DF96E4100B48DC1 /* RecieveViewController.m in Sources */,
				E7396AF41DDEF8260002CD47 /* NewPaymentViewController.m in Sources */,
				E73910571DE424DD008145A8 /* BTCTransaction+Extensions.m in Sources */,
				B3210D231E002E2900365FB6 /* ApplicationCoordinator.m in Sources */,
				E7FD36661DC76EBC00748177 /* RequestManager.m in Sources */,
				E739105F1DE5E131008145A8 /* KeyViewController.m in Sources */,
				E739105B1DE45398008145A8 /* BaseViewController.m in Sources */,
				B3210D141E00052900365FB6 /* GradientLayer.m in Sources */,
				E7396AE81DDEDEEC0002CD47 /* CircleGradientView.m in Sources */,
				B36624C11E03E35D00CBC5B5 /* ChangePinController.m in Sources */,
				B3210D1C1E00172200365FB6 /* ViewWithGradientPoints.m in Sources */,
				1101CF411E008DB40000E862 /* RootViewController.m in Sources */,
				E7D241DD1DE709D6003E507B /* ImportKeyViewController.m in Sources */,
				B3210D261E0030DB00365FB6 /* Appearance.m in Sources */,
				B3210D201E001EC200365FB6 /* PinViewController.m in Sources */,
				E7396ADC1DDCBFCE0002CD47 /* BlockchainInfoManager.m in Sources */,
				E74636861DCB300800A13318 /* Utils.m in Sources */,
				B321E87E1E0BE39B00DC7DE5 /* ExportBrainKeyViewController.m in Sources */,
				B3846DD61DFEFA6500D6872C /* UIAlertController+Extensions.m in Sources */,
				1101CF3B1E008C9E0000E862 /* ContentController.m in Sources */,
				B321428D1E0153F000489BB1 /* CustomTextField.m in Sources */,
				E7FD36401DC4D07E00748177 /* AppDelegate.m in Sources */,
				E727F1781E02749D0080E79D /* Wallet.m in Sources */,
				B321E87A1E0BC8D200DC7DE5 /* ImportKeyCoordinator.m in Sources */,
				E7396AFF1DDF394C0002CD47 /* TextFieldWithLine.m in Sources */,
				E71AF2551E018F6A0068595B /* WalletManager.m in Sources */,
				B3210D321E00409600365FB6 /* UIViewController+LGSideMenuController.m in Sources */,
				E739104F1DE2E165008145A8 /* HistoryElement.m in Sources */,
				E7FD363D1DC4D07E00748177 /* main.m in Sources */,
				E73910531DE30BA8008145A8 /* QRCodeViewController.m in Sources */,
				E7FD365A1DC7308A00748177 /* FXKeychain.m in Sources */,
				E7396AFC1DDF19C90002CD47 /* AddressTableViewCell.m in Sources */,
				E7DD00F21DC9E64300FD5335 /* BTCBlockchainInfo+QtumExplorer.m in Sources */,
			);
			runOnlyForDeploymentPostprocessing = 0;
		};
/* End PBXSourcesBuildPhase section */

/* Begin PBXTargetDependency section */
		E71AF2481E0177910068595B /* PBXTargetDependency */ = {
			isa = PBXTargetDependency;
			target = E7FD36371DC4D07E00748177 /* qtum wallet */;
			targetProxy = E71AF2471E0177910068595B /* PBXContainerItemProxy */;
		};
/* End PBXTargetDependency section */

/* Begin PBXVariantGroup section */
		E7FD36441DC4D07E00748177 /* Main.storyboard */ = {
			isa = PBXVariantGroup;
			children = (
				E7FD36451DC4D07E00748177 /* Base */,
			);
			name = Main.storyboard;
			path = .;
			sourceTree = "<group>";
		};
		E7FD36491DC4D07E00748177 /* LaunchScreen.storyboard */ = {
			isa = PBXVariantGroup;
			children = (
				E7FD364A1DC4D07E00748177 /* Base */,
			);
			name = LaunchScreen.storyboard;
			path = .;
			sourceTree = "<group>";
		};
/* End PBXVariantGroup section */

/* Begin XCBuildConfiguration section */
		E71AF2491E0177910068595B /* Debug */ = {
			isa = XCBuildConfiguration;
			buildSettings = {
				BUNDLE_LOADER = "$(TEST_HOST)";
				DEVELOPMENT_TEAM = Q7Q43CUMWT;
				INFOPLIST_FILE = "qtum walletTests/Info.plist";
				LD_RUNPATH_SEARCH_PATHS = "$(inherited) @executable_path/Frameworks @loader_path/Frameworks";
				PRODUCT_BUNDLE_IDENTIFIER = "com.qtum-walletTests";
				PRODUCT_NAME = "$(TARGET_NAME)";
				TEST_HOST = "$(BUILT_PRODUCTS_DIR)/qtum wallet.app/qtum wallet";
			};
			name = Debug;
		};
		E71AF24A1E0177910068595B /* Release */ = {
			isa = XCBuildConfiguration;
			buildSettings = {
				BUNDLE_LOADER = "$(TEST_HOST)";
				DEVELOPMENT_TEAM = Q7Q43CUMWT;
				INFOPLIST_FILE = "qtum walletTests/Info.plist";
				LD_RUNPATH_SEARCH_PATHS = "$(inherited) @executable_path/Frameworks @loader_path/Frameworks";
				PRODUCT_BUNDLE_IDENTIFIER = "com.qtum-walletTests";
				PRODUCT_NAME = "$(TARGET_NAME)";
				TEST_HOST = "$(BUILT_PRODUCTS_DIR)/qtum wallet.app/qtum wallet";
			};
			name = Release;
		};
		E7FD364D1DC4D07E00748177 /* Debug */ = {
			isa = XCBuildConfiguration;
			buildSettings = {
				ALWAYS_SEARCH_USER_PATHS = NO;
				CLANG_ANALYZER_NONNULL = YES;
				CLANG_CXX_LANGUAGE_STANDARD = "gnu++0x";
				CLANG_CXX_LIBRARY = "libc++";
				CLANG_ENABLE_MODULES = YES;
				CLANG_ENABLE_OBJC_ARC = YES;
				CLANG_WARN_BOOL_CONVERSION = YES;
				CLANG_WARN_CONSTANT_CONVERSION = YES;
				CLANG_WARN_DIRECT_OBJC_ISA_USAGE = YES_ERROR;
				CLANG_WARN_DOCUMENTATION_COMMENTS = YES;
				CLANG_WARN_EMPTY_BODY = YES;
				CLANG_WARN_ENUM_CONVERSION = YES;
				CLANG_WARN_INFINITE_RECURSION = YES;
				CLANG_WARN_INT_CONVERSION = YES;
				CLANG_WARN_OBJC_ROOT_CLASS = YES_ERROR;
				CLANG_WARN_SUSPICIOUS_MOVES = YES;
				CLANG_WARN_UNREACHABLE_CODE = YES;
				CLANG_WARN__DUPLICATE_METHOD_MATCH = YES;
				"CODE_SIGN_IDENTITY[sdk=iphoneos*]" = "iPhone Developer";
				COPY_PHASE_STRIP = NO;
				DEBUG_INFORMATION_FORMAT = dwarf;
				ENABLE_STRICT_OBJC_MSGSEND = YES;
				ENABLE_TESTABILITY = YES;
				GCC_C_LANGUAGE_STANDARD = gnu99;
				GCC_DYNAMIC_NO_PIC = NO;
				GCC_NO_COMMON_BLOCKS = YES;
				GCC_OPTIMIZATION_LEVEL = 0;
				GCC_PREPROCESSOR_DEFINITIONS = (
					"DEBUG=1",
					"$(inherited)",
				);
				GCC_WARN_64_TO_32_BIT_CONVERSION = YES;
				GCC_WARN_ABOUT_RETURN_TYPE = YES_ERROR;
				GCC_WARN_UNDECLARED_SELECTOR = YES;
				GCC_WARN_UNINITIALIZED_AUTOS = YES_AGGRESSIVE;
				GCC_WARN_UNUSED_FUNCTION = YES;
				GCC_WARN_UNUSED_VARIABLE = YES;
				IPHONEOS_DEPLOYMENT_TARGET = 10.1;
				MTL_ENABLE_DEBUG_INFO = YES;
				ONLY_ACTIVE_ARCH = YES;
				SDKROOT = iphoneos;
			};
			name = Debug;
		};
		E7FD364E1DC4D07E00748177 /* Release */ = {
			isa = XCBuildConfiguration;
			buildSettings = {
				ALWAYS_SEARCH_USER_PATHS = NO;
				CLANG_ANALYZER_NONNULL = YES;
				CLANG_CXX_LANGUAGE_STANDARD = "gnu++0x";
				CLANG_CXX_LIBRARY = "libc++";
				CLANG_ENABLE_MODULES = YES;
				CLANG_ENABLE_OBJC_ARC = YES;
				CLANG_WARN_BOOL_CONVERSION = YES;
				CLANG_WARN_CONSTANT_CONVERSION = YES;
				CLANG_WARN_DIRECT_OBJC_ISA_USAGE = YES_ERROR;
				CLANG_WARN_DOCUMENTATION_COMMENTS = YES;
				CLANG_WARN_EMPTY_BODY = YES;
				CLANG_WARN_ENUM_CONVERSION = YES;
				CLANG_WARN_INFINITE_RECURSION = YES;
				CLANG_WARN_INT_CONVERSION = YES;
				CLANG_WARN_OBJC_ROOT_CLASS = YES_ERROR;
				CLANG_WARN_SUSPICIOUS_MOVES = YES;
				CLANG_WARN_UNREACHABLE_CODE = YES;
				CLANG_WARN__DUPLICATE_METHOD_MATCH = YES;
				"CODE_SIGN_IDENTITY[sdk=iphoneos*]" = "iPhone Developer";
				COPY_PHASE_STRIP = NO;
				DEBUG_INFORMATION_FORMAT = "dwarf-with-dsym";
				ENABLE_NS_ASSERTIONS = NO;
				ENABLE_STRICT_OBJC_MSGSEND = YES;
				GCC_C_LANGUAGE_STANDARD = gnu99;
				GCC_NO_COMMON_BLOCKS = YES;
				GCC_WARN_64_TO_32_BIT_CONVERSION = YES;
				GCC_WARN_ABOUT_RETURN_TYPE = YES_ERROR;
				GCC_WARN_UNDECLARED_SELECTOR = YES;
				GCC_WARN_UNINITIALIZED_AUTOS = YES_AGGRESSIVE;
				GCC_WARN_UNUSED_FUNCTION = YES;
				GCC_WARN_UNUSED_VARIABLE = YES;
				IPHONEOS_DEPLOYMENT_TARGET = 10.1;
				MTL_ENABLE_DEBUG_INFO = NO;
				SDKROOT = iphoneos;
				VALIDATE_PRODUCT = YES;
			};
			name = Release;
		};
		E7FD36501DC4D07E00748177 /* Debug */ = {
			isa = XCBuildConfiguration;
			baseConfigurationReference = 413D88732039B4AB52E1927C /* Pods-qtum wallet.debug.xcconfig */;
			buildSettings = {
				ASSETCATALOG_COMPILER_APPICON_NAME = AppIcon;
				DEVELOPMENT_TEAM = Q7Q43CUMWT;
				GCC_PRECOMPILE_PREFIX_HEADER = NO;
				GCC_PREFIX_HEADER = "$(SRCROOT)/qtum wallet/Application/PrefixHeader.pch";
				INFOPLIST_FILE = "qtum wallet/Application/Info.plist";
				IPHONEOS_DEPLOYMENT_TARGET = 9.0;
				LD_RUNPATH_SEARCH_PATHS = "$(inherited) @executable_path/Frameworks";
				PRODUCT_BUNDLE_IDENTIFIER = "com.pixelplex.qtum-wallet";
				PRODUCT_NAME = "$(TARGET_NAME)";
			};
			name = Debug;
		};
		E7FD36511DC4D07E00748177 /* Release */ = {
			isa = XCBuildConfiguration;
			baseConfigurationReference = C868A7ACCCAB41BA143599EE /* Pods-qtum wallet.release.xcconfig */;
			buildSettings = {
				ASSETCATALOG_COMPILER_APPICON_NAME = AppIcon;
				DEVELOPMENT_TEAM = Q7Q43CUMWT;
				GCC_PRECOMPILE_PREFIX_HEADER = NO;
				GCC_PREFIX_HEADER = "$(SRCROOT)/qtum wallet/Application/PrefixHeader.pch";
				INFOPLIST_FILE = "qtum wallet/Application/Info.plist";
				IPHONEOS_DEPLOYMENT_TARGET = 9.0;
				LD_RUNPATH_SEARCH_PATHS = "$(inherited) @executable_path/Frameworks";
				PRODUCT_BUNDLE_IDENTIFIER = "com.pixelplex.qtum-wallet";
				PRODUCT_NAME = "$(TARGET_NAME)";
			};
			name = Release;
		};
/* End XCBuildConfiguration section */

/* Begin XCConfigurationList section */
		E71AF24B1E0177910068595B /* Build configuration list for PBXNativeTarget "qtum walletTests" */ = {
			isa = XCConfigurationList;
			buildConfigurations = (
				E71AF2491E0177910068595B /* Debug */,
				E71AF24A1E0177910068595B /* Release */,
			);
			defaultConfigurationIsVisible = 0;
			defaultConfigurationName = Release;
		};
		E7FD36331DC4D07E00748177 /* Build configuration list for PBXProject "qtum wallet" */ = {
			isa = XCConfigurationList;
			buildConfigurations = (
				E7FD364D1DC4D07E00748177 /* Debug */,
				E7FD364E1DC4D07E00748177 /* Release */,
			);
			defaultConfigurationIsVisible = 0;
			defaultConfigurationName = Release;
		};
		E7FD364F1DC4D07E00748177 /* Build configuration list for PBXNativeTarget "qtum wallet" */ = {
			isa = XCConfigurationList;
			buildConfigurations = (
				E7FD36501DC4D07E00748177 /* Debug */,
				E7FD36511DC4D07E00748177 /* Release */,
			);
			defaultConfigurationIsVisible = 0;
			defaultConfigurationName = Release;
		};
/* End XCConfigurationList section */
	};
	rootObject = E7FD36301DC4D07E00748177 /* Project object */;
}
